
Microsoft Visual Studio Solution File, Format Version 12.00
# Visual Studio Version 16
VisualStudioVersion = 16.0.29709.97
MinimumVisualStudioVersion = 10.0.40219.1
Project("{FAE04EC0-301F-11D3-BF4B-00C04F79EFBC}") = "AquaResifPanel", "AquaResifPanel\AquaResifPanel.csproj", "{E842D2CA-9722-4BE4-B6B9-478503261D86}"
EndProject
Global
	GlobalSection(SolutionConfigurationPlatforms) = preSolution
		Debug|Any CPU = Debug|Any CPU
		Release|Any CPU = Release|Any CPU
	EndGlobalSection
	GlobalSection(ProjectConfigurationPlatforms) = postSolution
		{E842D2CA-9722-4BE4-B6B9-478503261D86}.Debug|Any CPU.ActiveCfg = Debug|Any CPU
		{E842D2CA-9722-4BE4-B6B9-478503261D86}.Debug|Any CPU.Build.0 = Debug|Any CPU
		{E842D2CA-9722-4BE4-B6B9-478503261D86}.Release|Any CPU.ActiveCfg = Release|Any CPU
		{E842D2CA-9722-4BE4-B6B9-478503261D86}.Release|Any CPU.Build.0 = Release|Any CPU
	EndGlobalSection
	GlobalSection(SolutionProperties) = preSolution
		HideSolutionNode = FALSE
	EndGlobalSection
	GlobalSection(ExtensibilityGlobals) = postSolution
		SolutionGuid = {D7521B44-9B3C-4E73-8F48-3C369D32FA72}
	EndGlobalSection
EndGlobal
